// !$*UTF8*$!
{
	archiveVersion = 1;
	classes = {
	};
	objectVersion = 46;
	objects = {

/* Begin PBXBuildFile section */
		650987C51D88BB4100819D04 /* main.m in Sources */ = {isa = PBXBuildFile; fileRef = 650987C41D88BB4100819D04 /* main.m */; };
		650987C81D88BB4100819D04 /* AppDelegate.m in Sources */ = {isa = PBXBuildFile; fileRef = 650987C71D88BB4100819D04 /* AppDelegate.m */; };
		650987CB1D88BB4100819D04 /* ViewController.m in Sources */ = {isa = PBXBuildFile; fileRef = 650987CA1D88BB4100819D04 /* ViewController.m */; };
		650987CE1D88BB4100819D04 /* Main.storyboard in Resources */ = {isa = PBXBuildFile; fileRef = 650987CC1D88BB4100819D04 /* Main.storyboard */; };
		650987D01D88BB4100819D04 /* Assets.xcassets in Resources */ = {isa = PBXBuildFile; fileRef = 650987CF1D88BB4100819D04 /* Assets.xcassets */; };
		650987D31D88BB4100819D04 /* LaunchScreen.storyboard in Resources */ = {isa = PBXBuildFile; fileRef = 650987D11D88BB4100819D04 /* LaunchScreen.storyboard */; };
		650987DE1D88BB4100819D04 /* apitestTests.m in Sources */ = {isa = PBXBuildFile; fileRef = 650987DD1D88BB4100819D04 /* apitestTests.m */; };
		650987E91D88BB4100819D04 /* apitestUITests.m in Sources */ = {isa = PBXBuildFile; fileRef = 650987E81D88BB4100819D04 /* apitestUITests.m */; };
/* End PBXBuildFile section */

/* Begin PBXContainerItemProxy section */
		650987DA1D88BB4100819D04 /* PBXContainerItemProxy */ = {
			isa = PBXContainerItemProxy;
			containerPortal = 650987B81D88BB4100819D04 /* Project object */;
			proxyType = 1;
			remoteGlobalIDString = 650987BF1D88BB4100819D04;
			remoteInfo = apitest;
		};
		650987E51D88BB4100819D04 /* PBXContainerItemProxy */ = {
			isa = PBXContainerItemProxy;
			containerPortal = 650987B81D88BB4100819D04 /* Project object */;
			proxyType = 1;
			remoteGlobalIDString = 650987BF1D88BB4100819D04;
			remoteInfo = apitest;
		};
/* End PBXContainerItemProxy section */

/* Begin PBXFileReference section */
		650987C01D88BB4100819D04 /* apitest.app */ = {isa = PBXFileReference; explicitFileType = wrapper.application; includeInIndex = 0; path = apitest.app; sourceTree = BUILT_PRODUCTS_DIR; };
		650987C41D88BB4100819D04 /* main.m */ = {isa = PBXFileReference; lastKnownFileType = sourcecode.c.objc; path = main.m; sourceTree = "<group>"; };
		650987C61D88BB4100819D04 /* AppDelegate.h */ = {isa = PBXFileReference; lastKnownFileType = sourcecode.c.h; path = AppDelegate.h; sourceTree = "<group>"; };
		650987C71D88BB4100819D04 /* AppDelegate.m */ = {isa = PBXFileReference; lastKnownFileType = sourcecode.c.objc; path = AppDelegate.m; sourceTree = "<group>"; };
		650987C91D88BB4100819D04 /* ViewController.h */ = {isa = PBXFileReference; lastKnownFileType = sourcecode.c.h; path = ViewController.h; sourceTree = "<group>"; };
		650987CA1D88BB4100819D04 /* ViewController.m */ = {isa = PBXFileReference; lastKnownFileType = sourcecode.c.objc; path = ViewController.m; sourceTree = "<group>"; };
		650987CD1D88BB4100819D04 /* Base */ = {isa = PBXFileReference; lastKnownFileType = file.storyboard; name = Base; path = Base.lproj/Main.storyboard; sourceTree = "<group>"; };
		650987CF1D88BB4100819D04 /* Assets.xcassets */ = {isa = PBXFileReference; lastKnownFileType = folder.assetcatalog; path = Assets.xcassets; sourceTree = "<group>"; };
		650987D21D88BB4100819D04 /* Base */ = {isa = PBXFileReference; lastKnownFileType = file.storyboard; name = Base; path = Base.lproj/LaunchScreen.storyboard; sourceTree = "<group>"; };
		650987D41D88BB4100819D04 /* Info.plist */ = {isa = PBXFileReference; lastKnownFileType = text.plist.xml; path = Info.plist; sourceTree = "<group>"; };
		650987D91D88BB4100819D04 /* apitestTests.xctest */ = {isa = PBXFileReference; explicitFileType = wrapper.cfbundle; includeInIndex = 0; path = apitestTests.xctest; sourceTree = BUILT_PRODUCTS_DIR; };
		650987DD1D88BB4100819D04 /* apitestTests.m */ = {isa = PBXFileReference; lastKnownFileType = sourcecode.c.objc; path = apitestTests.m; sourceTree = "<group>"; };
		650987DF1D88BB4100819D04 /* Info.plist */ = {isa = PBXFileReference; lastKnownFileType = text.plist.xml; path = Info.plist; sourceTree = "<group>"; };
		650987E41D88BB4100819D04 /* apitestUITests.xctest */ = {isa = PBXFileReference; explicitFileType = wrapper.cfbundle; includeInIndex = 0; path = apitestUITests.xctest; sourceTree = BUILT_PRODUCTS_DIR; };
		650987E81D88BB4100819D04 /* apitestUITests.m */ = {isa = PBXFileReference; lastKnownFileType = sourcecode.c.objc; path = apitestUITests.m; sourceTree = "<group>"; };
		650987EA1D88BB4100819D04 /* Info.plist */ = {isa = PBXFileReference; lastKnownFileType = text.plist.xml; path = Info.plist; sourceTree = "<group>"; };
/* End PBXFileReference section */

/* Begin PBXFrameworksBuildPhase section */
		650987BD1D88BB4100819D04 /* Frameworks */ = {
			isa = PBXFrameworksBuildPhase;
			buildActionMask = 2147483647;
			files = (
			);
			runOnlyForDeploymentPostprocessing = 0;
		};
		650987D61D88BB4100819D04 /* Frameworks */ = {
			isa = PBXFrameworksBuildPhase;
			buildActionMask = 2147483647;
			files = (
			);
			runOnlyForDeploymentPostprocessing = 0;
		};
		650987E11D88BB4100819D04 /* Frameworks */ = {
			isa = PBXFrameworksBuildPhase;
			buildActionMask = 2147483647;
			files = (
			);
			runOnlyForDeploymentPostprocessing = 0;
		};
/* End PBXFrameworksBuildPhase section */

/* Begin PBXGroup section */
		650987B71D88BB4100819D04 = {
			isa = PBXGroup;
			children = (
				650987C21D88BB4100819D04 /* apitest */,
				650987DC1D88BB4100819D04 /* apitestTests */,
				650987E71D88BB4100819D04 /* apitestUITests */,
				650987C11D88BB4100819D04 /* Products */,
			);
			sourceTree = "<group>";
		};
		650987C11D88BB4100819D04 /* Products */ = {
			isa = PBXGroup;
			children = (
				650987C01D88BB4100819D04 /* apitest.app */,
				650987D91D88BB4100819D04 /* apitestTests.xctest */,
				650987E41D88BB4100819D04 /* apitestUITests.xctest */,
			);
			name = Products;
			sourceTree = "<group>";
		};
		650987C21D88BB4100819D04 /* apitest */ = {
			isa = PBXGroup;
			children = (
				650987C61D88BB4100819D04 /* AppDelegate.h */,
				650987C71D88BB4100819D04 /* AppDelegate.m */,
				650987C91D88BB4100819D04 /* ViewController.h */,
				650987CA1D88BB4100819D04 /* ViewController.m */,
				650987CC1D88BB4100819D04 /* Main.storyboard */,
				650987CF1D88BB4100819D04 /* Assets.xcassets */,
				650987D11D88BB4100819D04 /* LaunchScreen.storyboard */,
				650987D41D88BB4100819D04 /* Info.plist */,
				650987C31D88BB4100819D04 /* Supporting Files */,
			);
			path = apitest;
			sourceTree = "<group>";
		};
		650987C31D88BB4100819D04 /* Supporting Files */ = {
			isa = PBXGroup;
			children = (
				650987C41D88BB4100819D04 /* main.m */,
			);
			name = "Supporting Files";
			sourceTree = "<group>";
		};
		650987DC1D88BB4100819D04 /* apitestTests */ = {
			isa = PBXGroup;
			children = (
				650987DD1D88BB4100819D04 /* apitestTests.m */,
				650987DF1D88BB4100819D04 /* Info.plist */,
			);
			path = apitestTests;
			sourceTree = "<group>";
		};
		650987E71D88BB4100819D04 /* apitestUITests */ = {
			isa = PBXGroup;
			children = (
				650987E81D88BB4100819D04 /* apitestUITests.m */,
				650987EA1D88BB4100819D04 /* Info.plist */,
			);
			path = apitestUITests;
			sourceTree = "<group>";
		};
/* End PBXGroup section */

/* Begin PBXNativeTarget section */
		650987BF1D88BB4100819D04 /* apitest */ = {
			isa = PBXNativeTarget;
			buildConfigurationList = 650987ED1D88BB4100819D04 /* Build configuration list for PBXNativeTarget "apitest" */;
			buildPhases = (
				650987BC1D88BB4100819D04 /* Sources */,
				650987BD1D88BB4100819D04 /* Frameworks */,
				650987BE1D88BB4100819D04 /* Resources */,
			);
			buildRules = (
			);
			dependencies = (
			);
			name = apitest;
			productName = apitest;
			productReference = 650987C01D88BB4100819D04 /* apitest.app */;
			productType = "com.apple.product-type.application";
		};
		650987D81D88BB4100819D04 /* apitestTests */ = {
			isa = PBXNativeTarget;
			buildConfigurationList = 650987F01D88BB4100819D04 /* Build configuration list for PBXNativeTarget "apitestTests" */;
			buildPhases = (
				650987D51D88BB4100819D04 /* Sources */,
				650987D61D88BB4100819D04 /* Frameworks */,
				650987D71D88BB4100819D04 /* Resources */,
			);
			buildRules = (
			);
			dependencies = (
				650987DB1D88BB4100819D04 /* PBXTargetDependency */,
			);
			name = apitestTests;
			productName = apitestTests;
			productReference = 650987D91D88BB4100819D04 /* apitestTests.xctest */;
			productType = "com.apple.product-type.bundle.unit-test";
		};
		650987E31D88BB4100819D04 /* apitestUITests */ = {
			isa = PBXNativeTarget;
			buildConfigurationList = 650987F31D88BB4100819D04 /* Build configuration list for PBXNativeTarget "apitestUITests" */;
			buildPhases = (
				650987E01D88BB4100819D04 /* Sources */,
				650987E11D88BB4100819D04 /* Frameworks */,
				650987E21D88BB4100819D04 /* Resources */,
			);
			buildRules = (
			);
			dependencies = (
				650987E61D88BB4100819D04 /* PBXTargetDependency */,
			);
			name = apitestUITests;
			productName = apitestUITests;
			productReference = 650987E41D88BB4100819D04 /* apitestUITests.xctest */;
			productType = "com.apple.product-type.bundle.ui-testing";
		};
/* End PBXNativeTarget section */

/* Begin PBXProject section */
		650987B81D88BB4100819D04 /* Project object */ = {
			isa = PBXProject;
			attributes = {
				LastUpgradeCheck = 0730;
				ORGANIZATIONNAME = "Tommy Bisi";
				TargetAttributes = {
					650987BF1D88BB4100819D04 = {
						CreatedOnToolsVersion = 7.3.1;
					};
					650987D81D88BB4100819D04 = {
						CreatedOnToolsVersion = 7.3.1;
						TestTargetID = 650987BF1D88BB4100819D04;
					};
					650987E31D88BB4100819D04 = {
						CreatedOnToolsVersion = 7.3.1;
						TestTargetID = 650987BF1D88BB4100819D04;
					};
				};
			};
			buildConfigurationList = 650987BB1D88BB4100819D04 /* Build configuration list for PBXProject "apitest" */;
			compatibilityVersion = "Xcode 3.2";
			developmentRegion = English;
			hasScannedForEncodings = 0;
			knownRegions = (
				en,
				Base,
			);
			mainGroup = 650987B71D88BB4100819D04;
			productRefGroup = 650987C11D88BB4100819D04 /* Products */;
			projectDirPath = "";
			projectRoot = "";
			targets = (
				650987BF1D88BB4100819D04 /* apitest */,
				650987D81D88BB4100819D04 /* apitestTests */,
				650987E31D88BB4100819D04 /* apitestUITests */,
			);
		};
/* End PBXProject section */

/* Begin PBXResourcesBuildPhase section */
		650987BE1D88BB4100819D04 /* Resources */ = {
			isa = PBXResourcesBuildPhase;
			buildActionMask = 2147483647;
			files = (
				650987D31D88BB4100819D04 /* LaunchScreen.storyboard in Resources */,
				650987D01D88BB4100819D04 /* Assets.xcassets in Resources */,
				650987CE1D88BB4100819D04 /* Main.storyboard in Resources */,
			);
			runOnlyForDeploymentPostprocessing = 0;
		};
		650987D71D88BB4100819D04 /* Resources */ = {
			isa = PBXResourcesBuildPhase;
			buildActionMask = 2147483647;
			files = (
			);
			runOnlyForDeploymentPostprocessing = 0;
		};
		650987E21D88BB4100819D04 /* Resources */ = {
			isa = PBXResourcesBuildPhase;
			buildActionMask = 2147483647;
			files = (
			);
			runOnlyForDeploymentPostprocessing = 0;
		};
/* End PBXResourcesBuildPhase section */

/* Begin PBXSourcesBuildPhase section */
		650987BC1D88BB4100819D04 /* Sources */ = {
			isa = PBXSourcesBuildPhase;
			buildActionMask = 2147483647;
			files = (
				650987CB1D88BB4100819D04 /* ViewController.m in Sources */,
				650987C81D88BB4100819D04 /* AppDelegate.m in Sources */,
				650987C51D88BB4100819D04 /* main.m in Sources */,
			);
			runOnlyForDeploymentPostprocessing = 0;
		};
		650987D51D88BB4100819D04 /* Sources */ = {
			isa = PBXSourcesBuildPhase;
			buildActionMask = 2147483647;
			files = (
				650987DE1D88BB4100819D04 /* apitestTests.m in Sources */,
			);
			runOnlyForDeploymentPostprocessing = 0;
		};
		650987E01D88BB4100819D04 /* Sources */ = {
			isa = PBXSourcesBuildPhase;
			buildActionMask = 2147483647;
			files = (
				650987E91D88BB4100819D04 /* apitestUITests.m in Sources */,
			);
			runOnlyForDeploymentPostprocessing = 0;
		};
/* End PBXSourcesBuildPhase section */

/* Begin PBXTargetDependency section */
		650987DB1D88BB4100819D04 /* PBXTargetDependency */ = {
			isa = PBXTargetDependency;
			target = 650987BF1D88BB4100819D04 /* apitest */;
			targetProxy = 650987DA1D88BB4100819D04 /* PBXContainerItemProxy */;
		};
		650987E61D88BB4100819D04 /* PBXTargetDependency */ = {
			isa = PBXTargetDependency;
			target = 650987BF1D88BB4100819D04 /* apitest */;
			targetProxy = 650987E51D88BB4100819D04 /* PBXContainerItemProxy */;
		};
/* End PBXTargetDependency section */

/* Begin PBXVariantGroup section */
		650987CC1D88BB4100819D04 /* Main.storyboard */ = {
			isa = PBXVariantGroup;
			children = (
				650987CD1D88BB4100819D04 /* Base */,
			);
			name = Main.storyboard;
			sourceTree = "<group>";
		};
		650987D11D88BB4100819D04 /* LaunchScreen.storyboard */ = {
			isa = PBXVariantGroup;
			children = (
				650987D21D88BB4100819D04 /* Base */,
			);
			name = LaunchScreen.storyboard;
			sourceTree = "<group>";
		};
/* End PBXVariantGroup section */

/* Begin XCBuildConfiguration section */
		650987EB1D88BB4100819D04 /* Debug */ = {
			isa = XCBuildConfiguration;
			buildSettings = {
				ALWAYS_SEARCH_USER_PATHS = NO;
				CLANG_ANALYZER_NONNULL = YES;
				CLANG_CXX_LANGUAGE_STANDARD = "gnu++0x";
				CLANG_CXX_LIBRARY = "libc++";
				CLANG_ENABLE_MODULES = YES;
				CLANG_ENABLE_OBJC_ARC = YES;
				CLANG_WARN_BOOL_CONVERSION = YES;
				CLANG_WARN_CONSTANT_CONVERSION = YES;
				CLANG_WARN_DIRECT_OBJC_ISA_USAGE = YES_ERROR;
				CLANG_WARN_EMPTY_BODY = YES;
				CLANG_WARN_ENUM_CONVERSION = YES;
				CLANG_WARN_INT_CONVERSION = YES;
				CLANG_WARN_OBJC_ROOT_CLASS = YES_ERROR;
				CLANG_WARN_UNREACHABLE_CODE = YES;
				CLANG_WARN__DUPLICATE_METHOD_MATCH = YES;
				"CODE_SIGN_IDENTITY[sdk=iphoneos*]" = "iPhone Developer";
				COPY_PHASE_STRIP = NO;
				DEBUG_INFORMATION_FORMAT = dwarf;
				ENABLE_STRICT_OBJC_MSGSEND = YES;
				ENABLE_TESTABILITY = YES;
				GCC_C_LANGUAGE_STANDARD = gnu99;
				GCC_DYNAMIC_NO_PIC = NO;
				GCC_NO_COMMON_BLOCKS = YES;
				GCC_OPTIMIZATION_LEVEL = 0;
				GCC_PREPROCESSOR_DEFINITIONS = (
					"DEBUG=1",
					"$(inherited)",
				);
				GCC_WARN_64_TO_32_BIT_CONVERSION = YES;
				GCC_WARN_ABOUT_RETURN_TYPE = YES_ERROR;
				GCC_WARN_UNDECLARED_SELECTOR = YES;
				GCC_WARN_UNINITIALIZED_AUTOS = YES_AGGRESSIVE;
				GCC_WARN_UNUSED_FUNCTION = YES;
				GCC_WARN_UNUSED_VARIABLE = YES;
				IPHONEOS_DEPLOYMENT_TARGET = 9.3;
				MTL_ENABLE_DEBUG_INFO = YES;
				ONLY_ACTIVE_ARCH = YES;
				SDKROOT = iphoneos;
			};
			name = Debug;
		};
		650987EC1D88BB4100819D04 /* Release */ = {
			isa = XCBuildConfiguration;
			buildSettings = {
				ALWAYS_SEARCH_USER_PATHS = NO;
				CLANG_ANALYZER_NONNULL = YES;
				CLANG_CXX_LANGUAGE_STANDARD = "gnu++0x";
				CLANG_CXX_LIBRARY = "libc++";
				CLANG_ENABLE_MODULES = YES;
				CLANG_ENABLE_OBJC_ARC = YES;
				CLANG_WARN_BOOL_CONVERSION = YES;
				CLANG_WARN_CONSTANT_CONVERSION = YES;
				CLANG_WARN_DIRECT_OBJC_ISA_USAGE = YES_ERROR;
				CLANG_WARN_EMPTY_BODY = YES;
				CLANG_WARN_ENUM_CONVERSION = YES;
				CLANG_WARN_INT_CONVERSION = YES;
				CLANG_WARN_OBJC_ROOT_CLASS = YES_ERROR;
				CLANG_WARN_UNREACHABLE_CODE = YES;
				CLANG_WARN__DUPLICATE_METHOD_MATCH = YES;
				"CODE_SIGN_IDENTITY[sdk=iphoneos*]" = "iPhone Developer";
				COPY_PHASE_STRIP = NO;
				DEBUG_INFORMATION_FORMAT = "dwarf-with-dsym";
				ENABLE_NS_ASSERTIONS = NO;
				ENABLE_STRICT_OBJC_MSGSEND = YES;
				GCC_C_LANGUAGE_STANDARD = gnu99;
				GCC_NO_COMMON_BLOCKS = YES;
				GCC_WARN_64_TO_32_BIT_CONVERSION = YES;
				GCC_WARN_ABOUT_RETURN_TYPE = YES_ERROR;
				GCC_WARN_UNDECLARED_SELECTOR = YES;
				GCC_WARN_UNINITIALIZED_AUTOS = YES_AGGRESSIVE;
				GCC_WARN_UNUSED_FUNCTION = YES;
				GCC_WARN_UNUSED_VARIABLE = YES;
				IPHONEOS_DEPLOYMENT_TARGET = 9.3;
				MTL_ENABLE_DEBUG_INFO = NO;
				SDKROOT = iphoneos;
				VALIDATE_PRODUCT = YES;
			};
			name = Release;
		};
		650987EE1D88BB4100819D04 /* Debug */ = {
			isa = XCBuildConfiguration;
			buildSettings = {
				ASSETCATALOG_COMPILER_APPICON_NAME = AppIcon;
				INFOPLIST_FILE = apitest/Info.plist;
				LD_RUNPATH_SEARCH_PATHS = "$(inherited) @executable_path/Frameworks";
				PRODUCT_BUNDLE_IDENTIFIER = ilmatic.apitest;
				PRODUCT_NAME = "$(TARGET_NAME)";
			};
			name = Debug;
		};
		650987EF1D88BB4100819D04 /* Release */ = {
			isa = XCBuildConfiguration;
			buildSettings = {
				ASSETCATALOG_COMPILER_APPICON_NAME = AppIcon;
				INFOPLIST_FILE = apitest/Info.plist;
				LD_RUNPATH_SEARCH_PATHS = "$(inherited) @executable_path/Frameworks";
				PRODUCT_BUNDLE_IDENTIFIER = ilmatic.apitest;
				PRODUCT_NAME = "$(TARGET_NAME)";
			};
			name = Release;
		};
		650987F11D88BB4100819D04 /* Debug */ = {
			isa = XCBuildConfiguration;
			buildSettings = {
				BUNDLE_LOADER = "$(TEST_HOST)";
				INFOPLIST_FILE = apitestTests/Info.plist;
				LD_RUNPATH_SEARCH_PATHS = "$(inherited) @executable_path/Frameworks @loader_path/Frameworks";
				PRODUCT_BUNDLE_IDENTIFIER = ilmatic.apitestTests;
				PRODUCT_NAME = "$(TARGET_NAME)";
				TEST_HOST = "$(BUILT_PRODUCTS_DIR)/apitest.app/apitest";
			};
			name = Debug;
		};
		650987F21D88BB4100819D04 /* Release */ = {
			isa = XCBuildConfiguration;
			buildSettings = {
				BUNDLE_LOADER = "$(TEST_HOST)";
				INFOPLIST_FILE = apitestTests/Info.plist;
				LD_RUNPATH_SEARCH_PATHS = "$(inherited) @executable_path/Frameworks @loader_path/Frameworks";
				PRODUCT_BUNDLE_IDENTIFIER = ilmatic.apitestTests;
				PRODUCT_NAME = "$(TARGET_NAME)";
				TEST_HOST = "$(BUILT_PRODUCTS_DIR)/apitest.app/apitest";
			};
			name = Release;
		};
		650987F41D88BB4100819D04 /* Debug */ = {
			isa = XCBuildConfiguration;
			buildSettings = {
				INFOPLIST_FILE = apitestUITests/Info.plist;
				LD_RUNPATH_SEARCH_PATHS = "$(inherited) @executable_path/Frameworks @loader_path/Frameworks";
				PRODUCT_BUNDLE_IDENTIFIER = ilmatic.apitestUITests;
				PRODUCT_NAME = "$(TARGET_NAME)";
				TEST_TARGET_NAME = apitest;
			};
			name = Debug;
		};
		650987F51D88BB4100819D04 /* Release */ = {
			isa = XCBuildConfiguration;
			buildSettings = {
				INFOPLIST_FILE = apitestUITests/Info.plist;
				LD_RUNPATH_SEARCH_PATHS = "$(inherited) @executable_path/Frameworks @loader_path/Frameworks";
				PRODUCT_BUNDLE_IDENTIFIER = ilmatic.apitestUITests;
				PRODUCT_NAME = "$(TARGET_NAME)";
				TEST_TARGET_NAME = apitest;
			};
			name = Release;
		};
/* End XCBuildConfiguration section */

/* Begin XCConfigurationList section */
		650987BB1D88BB4100819D04 /* Build configuration list for PBXProject "apitest" */ = {
			isa = XCConfigurationList;
			buildConfigurations = (
				650987EB1D88BB4100819D04 /* Debug */,
				650987EC1D88BB4100819D04 /* Release */,
			);
			defaultConfigurationIsVisible = 0;
			defaultConfigurationName = Release;
		};
		650987ED1D88BB4100819D04 /* Build configuration list for PBXNativeTarget "apitest" */ = {
			isa = XCConfigurationList;
			buildConfigurations = (
				650987EE1D88BB4100819D04 /* Debug */,
				650987EF1D88BB4100819D04 /* Release */,
			);
			defaultConfigurationIsVisible = 0;
		};
		650987F01D88BB4100819D04 /* Build configuration list for PBXNativeTarget "apitestTests" */ = {
			isa = XCConfigurationList;
			buildConfigurations = (
				650987F11D88BB4100819D04 /* Debug */,
				650987F21D88BB4100819D04 /* Release */,
			);
			defaultConfigurationIsVisible = 0;
		};
		650987F31D88BB4100819D04 /* Build configuration list for PBXNativeTarget "apitestUITests" */ = {
			isa = XCConfigurationList;
			buildConfigurations = (
				650987F41D88BB4100819D04 /* Debug */,
				650987F51D88BB4100819D04 /* Release */,
			);
			defaultConfigurationIsVisible = 0;
		};
/* End XCConfigurationList section */
	};
	rootObject = 650987B81D88BB4100819D04 /* Project object */;
}
